{
  "nodes": {
    "dotfiles": {
      "flake": false,
      "locked": {
        "lastModified": 1778254528,
        "narHash": "sha256-7TUpmyNL7OTkU9aTq2oI7keV4IQ4LZcH3qS6GscIMNw=",
        "owner": "ELCL80",
        "repo": "dotfiles",
        "rev": "95dd73d32a6614c86865d2cd0a5e1377dec9410e",
        "type": "github"
      },
      "original": {
        "owner": "ELCL80",
        "repo": "dotfiles",
        "type": "github"
      }
    },
    "home-manager": {
      "inputs": {
        "nixpkgs": [
          "nixpkgs"
        ]
      },
      "locked": {
        "lastModified": 1778144356,
        "narHash": "sha256-dGM+QCstz/DyLB68+JK5GWyMx4QSqmOJEVgZmy63d/g=",
        "owner": "nix-community",
        "repo": "home-manager",
        "rev": "e4419d3123b780d5f4c0bceeace450424387638c",
        "type": "github"
      },
      "original": {
        "owner": "nix-community",
        "repo": "home-manager",
        "type": "github"
      }
    },
    "home-manager-stable": {
      "inputs": {
        "nixpkgs": [
          "nixpkgs-stable"
        ]
      },
      "locked": {
        "lastModified": 1777851538,
        "narHash": "sha256-Gp8qwTEYNoy2yvmErVGlvLOQvrtEECCAKbonW7VJef8=",
        "owner": "nix-community",
        "repo": "home-manager",
        "rev": "cc09c0f9b7eaa95c2d9827338a5eb03d32505ca5",
        "type": "github"
      },
      "original": {
        "owner": "nix-community",
        "ref": "release-25.11",
        "repo": "home-manager",
        "type": "github"
      }
    },
    "nixos-configurations": {
      "flake": false,
      "locked": {
        "lastModified": 1778274565,
        "narHash": "sha256-gjsk8XkbdzQl7Pzpjrx/ahbZ2HeNkV/P1O0ucQB0rUQ=",
        "owner": "ELCL80",
        "repo": "nixos-configurations",
        "rev": "515f80fdc4314d9aab7bd64ba3ae6648eee00f84",
        "type": "github"
      },
      "original": {
        "owner": "ELCL80",
        "repo": "nixos-configurations",
        "type": "github"
      }
    },
    "nixos-hardware": {
      "locked": {
        "lastModified": 1778143761,
        "narHash": "sha256-lkesY6x2X2qxlqLM7CT2iM/0rP2JB7fruPN3h8POXmI=",
        "owner": "NixOS",
        "repo": "nixos-hardware",
        "rev": "3bcaa367d4c550d687a17ac792fd5cda214ee871",
        "type": "github"
      },
      "original": {
        "owner": "NixOS",
        "ref": "master",
        "repo": "nixos-hardware",
        "type": "github"
      }
    },
    "nixpkgs": {
      "locked": {
        "lastModified": 1777954456,
        "narHash": "sha256-hGdgeU2Nk87RAuZyYjyDjFL6LK7dAZN5RE9+hrDTkDU=",
        "owner": "NixOS",
        "repo": "nixpkgs",
        "rev": "549bd84d6279f9852cae6225e372cc67fb91a4c1",
        "type": "github"
      },
      "original": {
        "id": "nixpkgs",
        "ref": "nixos-unstable",
        "type": "indirect"
      }
    },
    "nixpkgs-stable": {
      "locked": {
        "lastModified": 1778003029,
        "narHash": "sha256-q/nkKLDtHIyLjZpKhWk3cSK5IYsFqtMd6UtXF3ddjgA=",
        "owner": "NixOS",
        "repo": "nixpkgs",
        "rev": "0c88e1f2bdb93d5999019e99cb0e61e1fe2af4c5",
        "type": "github"
      },
      "original": {
        "id": "nixpkgs",
        "ref": "nixos-25.11",
        "type": "indirect"
      }
    },
    "nvim-config": {
      "flake": false,
      "locked": {
        "lastModified": 1778172355,
        "narHash": "sha256-C6/Psi6gQJ+R0ZPVAiASbQ7h1JLghh8/yTm03phP4Uc=",
        "owner": "ELCL80",
        "repo": "nvim-dotfiles",
        "rev": "921fc8c21bb5c965f68ab0b1ea088fd31e24ceb9",
        "type": "github"
      },
      "original": {
        "owner": "ELCL80",
        "repo": "nvim-dotfiles",
        "type": "github"
      }
    },
    "root": {
      "inputs": {
        "dotfiles": "dotfiles",
        "home-manager": "home-manager",
        "home-manager-stable": "home-manager-stable",
        "nixos-configurations": "nixos-configurations",
        "nixos-hardware": "nixos-hardware",
        "nixpkgs": "nixpkgs",
        "nixpkgs-stable": "nixpkgs-stable",
        "nvim-config": "nvim-config",
        "zen-browser": "zen-browser"
      }
    },
    "zen-browser": {
      "inputs": {
        "home-manager": [
          "home-manager"
        ],
        "nixpkgs": [
          "nixpkgs"
        ]
      },
      "locked": {
        "lastModified": 1778218381,
        "narHash": "sha256-mhxT7KkmM0h/vgr84o2p6gkzm21b5/dCnIMVKaoXU+I=",
        "owner": "0xc000022070",
        "repo": "zen-browser-flake",
        "rev": "ea79f20a194de74504821ab53e93c0cf92690f00",
        "type": "github"
      },
      "original": {
        "owner": "0xc000022070",
        "repo": "zen-browser-flake",
        "type": "github"
      }
    }
  },
  "root": "root",
  "version": 7
}
