{
  "nodes": {
    "home-manager": {
      "inputs": {
        "nixpkgs": [
          "nixpkgs"
        ]
      },
      "locked": {
        "lastModified": 1778144356,
        "narHash": "sha256-dGM+QCstz/DyLB68+JK5GWyMx4QSqmOJEVgZmy63d/g=",
        "owner": "nix-community",
        "repo": "home-manager",
        "rev": "e4419d3123b780d5f4c0bceeace450424387638c",
        "type": "github"
      },
      "original": {
        "owner": "nix-community",
        "repo": "home-manager",
        "type": "github"
      }
    },
    "home-manager-stable": {
      "inputs": {
        "nixpkgs": [
          "nixpkgs-stable"
        ]
      },
      "locked": {
        "lastModified": 1777851538,
        "narHash": "sha256-Gp8qwTEYNoy2yvmErVGlvLOQvrtEECCAKbonW7VJef8=",
        "owner": "nix-community",
        "repo": "home-manager",
        "rev": "cc09c0f9b7eaa95c2d9827338a5eb03d32505ca5",
        "type": "github"
      },
      "original": {
        "owner": "nix-community",
        "ref": "release-25.11",
        "repo": "home-manager",
        "type": "github"
      }
    },
    "nixpkgs": {
      "locked": {
        "lastModified": 1777954456,
        "narHash": "sha256-hGdgeU2Nk87RAuZyYjyDjFL6LK7dAZN5RE9+hrDTkDU=",
        "owner": "NixOS",
        "repo": "nixpkgs",
        "rev": "549bd84d6279f9852cae6225e372cc67fb91a4c1",
        "type": "github"
      },
      "original": {
        "id": "nixpkgs",
        "ref": "nixos-unstable",
        "type": "indirect"
      }
    },
    "nixpkgs-stable": {
      "locked": {
        "lastModified": 1778003029,
        "narHash": "sha256-q/nkKLDtHIyLjZpKhWk3cSK5IYsFqtMd6UtXF3ddjgA=",
        "owner": "NixOS",
        "repo": "nixpkgs",
        "rev": "0c88e1f2bdb93d5999019e99cb0e61e1fe2af4c5",
        "type": "github"
      },
      "original": {
        "id": "nixpkgs",
        "ref": "nixos-25.11",
        "type": "indirect"
      }
    },
    "nvim-config": {
      "flake": false,
      "locked": {
        "lastModified": 1778172355,
        "narHash": "sha256-C6/Psi6gQJ+R0ZPVAiASbQ7h1JLghh8/yTm03phP4Uc=",
        "owner": "ELCL80",
        "repo": "nvim-dotfiles",
        "rev": "921fc8c21bb5c965f68ab0b1ea088fd31e24ceb9",
        "type": "github"
      },
      "original": {
        "owner": "ELCL80",
        "repo": "nvim-dotfiles",
        "type": "github"
      }
    },
    "root": {
      "inputs": {
        "home-manager": "home-manager",
        "home-manager-stable": "home-manager-stable",
        "nixpkgs": "nixpkgs",
        "nixpkgs-stable": "nixpkgs-stable",
        "nvim-config": "nvim-config",
        "zen-browser": "zen-browser"
      }
    },
    "zen-browser": {
      "inputs": {
        "home-manager": [
          "home-manager"
        ],
        "nixpkgs": [
          "nixpkgs"
        ]
      },
      "locked": {
        "lastModified": 1778218381,
        "narHash": "sha256-mhxT7KkmM0h/vgr84o2p6gkzm21b5/dCnIMVKaoXU+I=",
        "owner": "0xc000022070",
        "repo": "zen-browser-flake",
        "rev": "ea79f20a194de74504821ab53e93c0cf92690f00",
        "type": "github"
      },
      "original": {
        "owner": "0xc000022070",
        "repo": "zen-browser-flake",
        "type": "github"
      }
    }
  },
  "root": "root",
  "version": 7
}
